// !$*UTF8*$!
{
	archiveVersion = 1;
	classes = {
	};
	objectVersion = 56;
	objects = {

/* Begin PBXBuildFile section */
		171EA3512B66785F00315157 /* ColorPicker.swift in Sources */ = {isa = PBXBuildFile; fileRef = 171EA3502B66785F00315157 /* ColorPicker.swift */; };
		171EA3532B66841500315157 /* TrackStylePicker.swift in Sources */ = {isa = PBXBuildFile; fileRef = 171EA3522B66841500315157 /* TrackStylePicker.swift */; };
		171EA3552B66864800315157 /* StatisticView.swift in Sources */ = {isa = PBXBuildFile; fileRef = 171EA3542B66864800315157 /* StatisticView.swift */; };
		171EA3572B6691A200315157 /* ColorPalate.swift in Sources */ = {isa = PBXBuildFile; fileRef = 171EA3562B6691A200315157 /* ColorPalate.swift */; };
		171EA35A2B6691FF00315157 /* TrackStyle.swift in Sources */ = {isa = PBXBuildFile; fileRef = 171EA3592B6691FF00315157 /* TrackStyle.swift */; };
		171EA35C2B66921B00315157 /* TrackPoint.swift in Sources */ = {isa = PBXBuildFile; fileRef = 171EA35B2B66921B00315157 /* TrackPoint.swift */; };
		171EA3602B66AB6100315157 /* ColorPalateView.swift in Sources */ = {isa = PBXBuildFile; fileRef = 171EA35F2B66AB6100315157 /* ColorPalateView.swift */; };
		171EA3622B66AB9D00315157 /* Array+chunked.swift in Sources */ = {isa = PBXBuildFile; fileRef = 171EA3612B66AB9D00315157 /* Array+chunked.swift */; };
		1778AB482B51FDE000B939C5 /* DocumentStorage.swift in Sources */ = {isa = PBXBuildFile; fileRef = 1778AB472B51FDE000B939C5 /* DocumentStorage.swift */; };
		1778AB4B2B51FE0B00B939C5 /* UTType+gpx.swift in Sources */ = {isa = PBXBuildFile; fileRef = 1778AB4A2B51FE0B00B939C5 /* UTType+gpx.swift */; };
		1778AB4D2B51FE1D00B939C5 /* RouteDocument.swift in Sources */ = {isa = PBXBuildFile; fileRef = 1778AB4C2B51FE1D00B939C5 /* RouteDocument.swift */; };
		1778AB552B51FEB000B939C5 /* FilesTree.swift in Sources */ = {isa = PBXBuildFile; fileRef = 1778AB542B51FEB000B939C5 /* FilesTree.swift */; };
		1778AB572B5214AE00B939C5 /* DocumentsTree.swift in Sources */ = {isa = PBXBuildFile; fileRef = 1778AB562B5214AE00B939C5 /* DocumentsTree.swift */; };
		1778AB592B5214CD00B939C5 /* URL+isDirectory.swift in Sources */ = {isa = PBXBuildFile; fileRef = 1778AB582B5214CD00B939C5 /* URL+isDirectory.swift */; };
		1778AB5B2B5214DE00B939C5 /* URL+contentType.swift in Sources */ = {isa = PBXBuildFile; fileRef = 1778AB5A2B5214DE00B939C5 /* URL+contentType.swift */; };
		1778AB5D2B52159200B939C5 /* DocumentsDirectory.swift in Sources */ = {isa = PBXBuildFile; fileRef = 1778AB5C2B52159200B939C5 /* DocumentsDirectory.swift */; };
		1778AB612B521A5100B939C5 /* AnyButtonStyle.swift in Sources */ = {isa = PBXBuildFile; fileRef = 1778AB602B521A5100B939C5 /* AnyButtonStyle.swift */; };
		1778AB642B521A8A00B939C5 /* View+eraseToAnyView.swift in Sources */ = {isa = PBXBuildFile; fileRef = 1778AB632B521A8A00B939C5 /* View+eraseToAnyView.swift */; };
		1778AB662B521AEC00B939C5 /* PaddingStyle.swift in Sources */ = {isa = PBXBuildFile; fileRef = 1778AB652B521AEC00B939C5 /* PaddingStyle.swift */; };
		1778AB6E2B52FDAF00B939C5 /* Track.swift in Sources */ = {isa = PBXBuildFile; fileRef = 1778AB6D2B52FDAF00B939C5 /* Track.swift */; };
		1778AB702B53051600B939C5 /* CoordinateRect.swift in Sources */ = {isa = PBXBuildFile; fileRef = 1778AB6F2B53051600B939C5 /* CoordinateRect.swift */; };
		1778AB732B530DAD00B939C5 /* MapCameraPosition+coordinateRect.swift in Sources */ = {isa = PBXBuildFile; fileRef = 1778AB722B530DAD00B939C5 /* MapCameraPosition+coordinateRect.swift */; };
		1778AB792B5464AE00B939C5 /* View+removeFocus.swift in Sources */ = {isa = PBXBuildFile; fileRef = 1778AB782B5464AE00B939C5 /* View+removeFocus.swift */; };
		1778AB7B2B5464C600B939C5 /* DirectoryView.swift in Sources */ = {isa = PBXBuildFile; fileRef = 1778AB7A2B5464C600B939C5 /* DirectoryView.swift */; };
		1778AB7E2B5464FA00B939C5 /* DocumentView.swift in Sources */ = {isa = PBXBuildFile; fileRef = 1778AB7D2B5464FA00B939C5 /* DocumentView.swift */; };
		1778AB802B54651300B939C5 /* TrackView.swift in Sources */ = {isa = PBXBuildFile; fileRef = 1778AB7F2B54651300B939C5 /* TrackView.swift */; };
		17B3BDB32B4F4D4400D94581 /* RoutesViewerApp.swift in Sources */ = {isa = PBXBuildFile; fileRef = 17B3BDB22B4F4D4400D94581 /* RoutesViewerApp.swift */; };
		17B3BDB52B4F4D4400D94581 /* ContentView.swift in Sources */ = {isa = PBXBuildFile; fileRef = 17B3BDB42B4F4D4400D94581 /* ContentView.swift */; };
		17B3BDB72B4F4D4500D94581 /* Assets.xcassets in Resources */ = {isa = PBXBuildFile; fileRef = 17B3BDB62B4F4D4500D94581 /* Assets.xcassets */; };
		17B3BDBA2B4F4D4500D94581 /* Preview Assets.xcassets in Resources */ = {isa = PBXBuildFile; fileRef = 17B3BDB92B4F4D4500D94581 /* Preview Assets.xcassets */; };
		17B3BDC52B4F4D4500D94581 /* RoutesViewerTests.swift in Sources */ = {isa = PBXBuildFile; fileRef = 17B3BDC42B4F4D4500D94581 /* RoutesViewerTests.swift */; };
		17B3BDCF2B4F4D4500D94581 /* RoutesViewerUITests.swift in Sources */ = {isa = PBXBuildFile; fileRef = 17B3BDCE2B4F4D4500D94581 /* RoutesViewerUITests.swift */; };
		17B3BDD12B4F4D4500D94581 /* RoutesViewerUITestsLaunchTests.swift in Sources */ = {isa = PBXBuildFile; fileRef = 17B3BDD02B4F4D4500D94581 /* RoutesViewerUITestsLaunchTests.swift */; };
		17B3BDDF2B4F4E0A00D94581 /* CoreGPX in Frameworks */ = {isa = PBXBuildFile; productRef = 17B3BDDE2B4F4E0A00D94581 /* CoreGPX */; };
		17B3BDE32B4F514700D94581 /* MapStylePicker.swift in Sources */ = {isa = PBXBuildFile; fileRef = 17B3BDE12B4F514700D94581 /* MapStylePicker.swift */; };
		17B3BDE62B4F51BD00D94581 /* EditTrackMetadataView.swift in Sources */ = {isa = PBXBuildFile; fileRef = 17B3BDE42B4F51BD00D94581 /* EditTrackMetadataView.swift */; };
		17B3BDE72B4F51BD00D94581 /* SidebarView.swift in Sources */ = {isa = PBXBuildFile; fileRef = 17B3BDE52B4F51BD00D94581 /* SidebarView.swift */; };
		17C9D4942B59C28800CCF143 /* StatisticCalculator.swift in Sources */ = {isa = PBXBuildFile; fileRef = 17C9D4932B59C28800CCF143 /* StatisticCalculator.swift */; };
		17C9D4962B5B37D200CCF143 /* Sequence.swift in Sources */ = {isa = PBXBuildFile; fileRef = 17C9D4952B5B37D200CCF143 /* Sequence.swift */; };
		17C9D4982B5BF10300CCF143 /* Statistic.swift in Sources */ = {isa = PBXBuildFile; fileRef = 17C9D4972B5BF10300CCF143 /* Statistic.swift */; };
		17F013022B5C0F5700D31519 /* MapCache in Frameworks */ = {isa = PBXBuildFile; productRef = 17F013012B5C0F5700D31519 /* MapCache */; };
		17F013042B5C100700D31519 /* CustomMap.swift in Sources */ = {isa = PBXBuildFile; fileRef = 17F013032B5C100700D31519 /* CustomMap.swift */; };
		17F013062B5C1B3500D31519 /* TileServer.swift in Sources */ = {isa = PBXBuildFile; fileRef = 17F013052B5C1B3500D31519 /* TileServer.swift */; };
		17F013082B5C5E8800D31519 /* GradientPolyline.swift in Sources */ = {isa = PBXBuildFile; fileRef = 17F013072B5C5E8800D31519 /* GradientPolyline.swift */; };
/* End PBXBuildFile section */

/* Begin PBXContainerItemProxy section */
		17B3BDC12B4F4D4500D94581 /* PBXContainerItemProxy */ = {
			isa = PBXContainerItemProxy;
			containerPortal = 17B3BDA72B4F4D4400D94581 /* Project object */;
			proxyType = 1;
			remoteGlobalIDString = 17B3BDAE2B4F4D4400D94581;
			remoteInfo = RoutesViewer;
		};
		17B3BDCB2B4F4D4500D94581 /* PBXContainerItemProxy */ = {
			isa = PBXContainerItemProxy;
			containerPortal = 17B3BDA72B4F4D4400D94581 /* Project object */;
			proxyType = 1;
			remoteGlobalIDString = 17B3BDAE2B4F4D4400D94581;
			remoteInfo = RoutesViewer;
		};
/* End PBXContainerItemProxy section */

/* Begin PBXFileReference section */
		171EA3502B66785F00315157 /* ColorPicker.swift */ = {isa = PBXFileReference; lastKnownFileType = sourcecode.swift; path = ColorPicker.swift; sourceTree = "<group>"; };
		171EA3522B66841500315157 /* TrackStylePicker.swift */ = {isa = PBXFileReference; lastKnownFileType = sourcecode.swift; path = TrackStylePicker.swift; sourceTree = "<group>"; };
		171EA3542B66864800315157 /* StatisticView.swift */ = {isa = PBXFileReference; lastKnownFileType = sourcecode.swift; path = StatisticView.swift; sourceTree = "<group>"; };
		171EA3562B6691A200315157 /* ColorPalate.swift */ = {isa = PBXFileReference; lastKnownFileType = sourcecode.swift; path = ColorPalate.swift; sourceTree = "<group>"; };
		171EA3592B6691FF00315157 /* TrackStyle.swift */ = {isa = PBXFileReference; lastKnownFileType = sourcecode.swift; path = TrackStyle.swift; sourceTree = "<group>"; };
		171EA35B2B66921B00315157 /* TrackPoint.swift */ = {isa = PBXFileReference; lastKnownFileType = sourcecode.swift; path = TrackPoint.swift; sourceTree = "<group>"; };
		171EA35F2B66AB6100315157 /* ColorPalateView.swift */ = {isa = PBXFileReference; lastKnownFileType = sourcecode.swift; path = ColorPalateView.swift; sourceTree = "<group>"; };
		171EA3612B66AB9D00315157 /* Array+chunked.swift */ = {isa = PBXFileReference; lastKnownFileType = sourcecode.swift; path = "Array+chunked.swift"; sourceTree = "<group>"; };
		1778AB472B51FDE000B939C5 /* DocumentStorage.swift */ = {isa = PBXFileReference; lastKnownFileType = sourcecode.swift; path = DocumentStorage.swift; sourceTree = "<group>"; };
		1778AB4A2B51FE0B00B939C5 /* UTType+gpx.swift */ = {isa = PBXFileReference; lastKnownFileType = sourcecode.swift; path = "UTType+gpx.swift"; sourceTree = "<group>"; };
		1778AB4C2B51FE1D00B939C5 /* RouteDocument.swift */ = {isa = PBXFileReference; lastKnownFileType = sourcecode.swift; path = RouteDocument.swift; sourceTree = "<group>"; };
		1778AB542B51FEB000B939C5 /* FilesTree.swift */ = {isa = PBXFileReference; lastKnownFileType = sourcecode.swift; path = FilesTree.swift; sourceTree = "<group>"; };
		1778AB562B5214AE00B939C5 /* DocumentsTree.swift */ = {isa = PBXFileReference; lastKnownFileType = sourcecode.swift; path = DocumentsTree.swift; sourceTree = "<group>"; };
		1778AB582B5214CD00B939C5 /* URL+isDirectory.swift */ = {isa = PBXFileReference; lastKnownFileType = sourcecode.swift; path = "URL+isDirectory.swift"; sourceTree = "<group>"; };
		1778AB5A2B5214DE00B939C5 /* URL+contentType.swift */ = {isa = PBXFileReference; lastKnownFileType = sourcecode.swift; path = "URL+contentType.swift"; sourceTree = "<group>"; };
		1778AB5C2B52159200B939C5 /* DocumentsDirectory.swift */ = {isa = PBXFileReference; lastKnownFileType = sourcecode.swift; path = DocumentsDirectory.swift; sourceTree = "<group>"; };
		1778AB602B521A5100B939C5 /* AnyButtonStyle.swift */ = {isa = PBXFileReference; lastKnownFileType = sourcecode.swift; path = AnyButtonStyle.swift; sourceTree = "<group>"; };
		1778AB632B521A8A00B939C5 /* View+eraseToAnyView.swift */ = {isa = PBXFileReference; lastKnownFileType = sourcecode.swift; path = "View+eraseToAnyView.swift"; sourceTree = "<group>"; };
		1778AB652B521AEC00B939C5 /* PaddingStyle.swift */ = {isa = PBXFileReference; lastKnownFileType = sourcecode.swift; path = PaddingStyle.swift; sourceTree = "<group>"; };
		1778AB6D2B52FDAF00B939C5 /* Track.swift */ = {isa = PBXFileReference; lastKnownFileType = sourcecode.swift; path = Track.swift; sourceTree = "<group>"; };
		1778AB6F2B53051600B939C5 /* CoordinateRect.swift */ = {isa = PBXFileReference; lastKnownFileType = sourcecode.swift; path = CoordinateRect.swift; sourceTree = "<group>"; };
		1778AB722B530DAD00B939C5 /* MapCameraPosition+coordinateRect.swift */ = {isa = PBXFileReference; lastKnownFileType = sourcecode.swift; path = "MapCameraPosition+coordinateRect.swift"; sourceTree = "<group>"; };
		1778AB782B5464AE00B939C5 /* View+removeFocus.swift */ = {isa = PBXFileReference; lastKnownFileType = sourcecode.swift; path = "View+removeFocus.swift"; sourceTree = "<group>"; };
		1778AB7A2B5464C600B939C5 /* DirectoryView.swift */ = {isa = PBXFileReference; lastKnownFileType = sourcecode.swift; path = DirectoryView.swift; sourceTree = "<group>"; };
		1778AB7D2B5464FA00B939C5 /* DocumentView.swift */ = {isa = PBXFileReference; lastKnownFileType = sourcecode.swift; path = DocumentView.swift; sourceTree = "<group>"; };
		1778AB7F2B54651300B939C5 /* TrackView.swift */ = {isa = PBXFileReference; lastKnownFileType = sourcecode.swift; path = TrackView.swift; sourceTree = "<group>"; };
		17B3BDAF2B4F4D4400D94581 /* RoutesViewer.app */ = {isa = PBXFileReference; explicitFileType = wrapper.application; includeInIndex = 0; path = RoutesViewer.app; sourceTree = BUILT_PRODUCTS_DIR; };
		17B3BDB22B4F4D4400D94581 /* RoutesViewerApp.swift */ = {isa = PBXFileReference; lastKnownFileType = sourcecode.swift; path = RoutesViewerApp.swift; sourceTree = "<group>"; };
		17B3BDB42B4F4D4400D94581 /* ContentView.swift */ = {isa = PBXFileReference; lastKnownFileType = sourcecode.swift; path = ContentView.swift; sourceTree = "<group>"; };
		17B3BDB62B4F4D4500D94581 /* Assets.xcassets */ = {isa = PBXFileReference; lastKnownFileType = folder.assetcatalog; path = Assets.xcassets; sourceTree = "<group>"; };
		17B3BDB92B4F4D4500D94581 /* Preview Assets.xcassets */ = {isa = PBXFileReference; lastKnownFileType = folder.assetcatalog; path = "Preview Assets.xcassets"; sourceTree = "<group>"; };
		17B3BDBB2B4F4D4500D94581 /* RoutesViewer.entitlements */ = {isa = PBXFileReference; lastKnownFileType = text.plist.entitlements; path = RoutesViewer.entitlements; sourceTree = "<group>"; };
		17B3BDC02B4F4D4500D94581 /* RoutesViewerTests.xctest */ = {isa = PBXFileReference; explicitFileType = wrapper.cfbundle; includeInIndex = 0; path = RoutesViewerTests.xctest; sourceTree = BUILT_PRODUCTS_DIR; };
		17B3BDC42B4F4D4500D94581 /* RoutesViewerTests.swift */ = {isa = PBXFileReference; lastKnownFileType = sourcecode.swift; path = RoutesViewerTests.swift; sourceTree = "<group>"; };
		17B3BDCA2B4F4D4500D94581 /* RoutesViewerUITests.xctest */ = {isa = PBXFileReference; explicitFileType = wrapper.cfbundle; includeInIndex = 0; path = RoutesViewerUITests.xctest; sourceTree = BUILT_PRODUCTS_DIR; };
		17B3BDCE2B4F4D4500D94581 /* RoutesViewerUITests.swift */ = {isa = PBXFileReference; lastKnownFileType = sourcecode.swift; path = RoutesViewerUITests.swift; sourceTree = "<group>"; };
		17B3BDD02B4F4D4500D94581 /* RoutesViewerUITestsLaunchTests.swift */ = {isa = PBXFileReference; lastKnownFileType = sourcecode.swift; path = RoutesViewerUITestsLaunchTests.swift; sourceTree = "<group>"; };
		17B3BDE12B4F514700D94581 /* MapStylePicker.swift */ = {isa = PBXFileReference; fileEncoding = 4; lastKnownFileType = sourcecode.swift; path = MapStylePicker.swift; sourceTree = "<group>"; };
		17B3BDE42B4F51BD00D94581 /* EditTrackMetadataView.swift */ = {isa = PBXFileReference; fileEncoding = 4; lastKnownFileType = sourcecode.swift; path = EditTrackMetadataView.swift; sourceTree = "<group>"; };
		17B3BDE52B4F51BD00D94581 /* SidebarView.swift */ = {isa = PBXFileReference; fileEncoding = 4; lastKnownFileType = sourcecode.swift; path = SidebarView.swift; sourceTree = "<group>"; };
		17B3BDEA2B4F554D00D94581 /* Info.plist */ = {isa = PBXFileReference; lastKnownFileType = text.plist; path = Info.plist; sourceTree = "<group>"; };
		17C9D4932B59C28800CCF143 /* StatisticCalculator.swift */ = {isa = PBXFileReference; lastKnownFileType = sourcecode.swift; path = StatisticCalculator.swift; sourceTree = "<group>"; };
		17C9D4952B5B37D200CCF143 /* Sequence.swift */ = {isa = PBXFileReference; lastKnownFileType = sourcecode.swift; path = Sequence.swift; sourceTree = "<group>"; };
		17C9D4972B5BF10300CCF143 /* Statistic.swift */ = {isa = PBXFileReference; lastKnownFileType = sourcecode.swift; path = Statistic.swift; sourceTree = "<group>"; };
		17F013032B5C100700D31519 /* CustomMap.swift */ = {isa = PBXFileReference; lastKnownFileType = sourcecode.swift; path = CustomMap.swift; sourceTree = "<group>"; };
		17F013052B5C1B3500D31519 /* TileServer.swift */ = {isa = PBXFileReference; lastKnownFileType = sourcecode.swift; path = TileServer.swift; sourceTree = "<group>"; };
		17F013072B5C5E8800D31519 /* GradientPolyline.swift */ = {isa = PBXFileReference; lastKnownFileType = sourcecode.swift; path = GradientPolyline.swift; sourceTree = "<group>"; };
/* End PBXFileReference section */

/* Begin PBXFrameworksBuildPhase section */
		17B3BDAC2B4F4D4400D94581 /* Frameworks */ = {
			isa = PBXFrameworksBuildPhase;
			buildActionMask = 2147483647;
			files = (
				17F013022B5C0F5700D31519 /* MapCache in Frameworks */,
				17B3BDDF2B4F4E0A00D94581 /* CoreGPX in Frameworks */,
			);
			runOnlyForDeploymentPostprocessing = 0;
		};
		17B3BDBD2B4F4D4500D94581 /* Frameworks */ = {
			isa = PBXFrameworksBuildPhase;
			buildActionMask = 2147483647;
			files = (
			);
			runOnlyForDeploymentPostprocessing = 0;
		};
		17B3BDC72B4F4D4500D94581 /* Frameworks */ = {
			isa = PBXFrameworksBuildPhase;
			buildActionMask = 2147483647;
			files = (
			);
			runOnlyForDeploymentPostprocessing = 0;
		};
/* End PBXFrameworksBuildPhase section */

/* Begin PBXGroup section */
		171EA3582B6691F600315157 /* Track */ = {
			isa = PBXGroup;
			children = (
				17C9D4922B59C27500CCF143 /* Statistics */,
				1778AB6D2B52FDAF00B939C5 /* Track.swift */,
				171EA3592B6691FF00315157 /* TrackStyle.swift */,
				171EA35B2B66921B00315157 /* TrackPoint.swift */,
			);
			path = Track;
			sourceTree = "<group>";
		};
		1778AB422B51FCDC00B939C5 /* FilesTree */ = {
			isa = PBXGroup;
			children = (
				1778AB542B51FEB000B939C5 /* FilesTree.swift */,
				1778AB7A2B5464C600B939C5 /* DirectoryView.swift */,
				1778AB7D2B5464FA00B939C5 /* DocumentView.swift */,
				1778AB7F2B54651300B939C5 /* TrackView.swift */,
			);
			path = FilesTree;
			sourceTree = "<group>";
		};
		1778AB462B51FDCC00B939C5 /* Model */ = {
			isa = PBXGroup;
			children = (
				171EA3582B6691F600315157 /* Track */,
				1778AB562B5214AE00B939C5 /* DocumentsTree.swift */,
				1778AB5C2B52159200B939C5 /* DocumentsDirectory.swift */,
				1778AB4C2B51FE1D00B939C5 /* RouteDocument.swift */,
				1778AB472B51FDE000B939C5 /* DocumentStorage.swift */,
				171EA3562B6691A200315157 /* ColorPalate.swift */,
			);
			path = Model;
			sourceTree = "<group>";
		};
		1778AB492B51FDFF00B939C5 /* Support */ = {
			isa = PBXGroup;
			children = (
				1778AB712B530DA300B939C5 /* MapKit */,
				1778AB5E2B5219F100B939C5 /* SwiftUI */,
				1778AB4F2B51FE3F00B939C5 /* Foundation */,
				1778AB6F2B53051600B939C5 /* CoordinateRect.swift */,
			);
			path = Support;
			sourceTree = "<group>";
		};
		1778AB4E2B51FE3500B939C5 /* Views */ = {
			isa = PBXGroup;
			children = (
				1778AB422B51FCDC00B939C5 /* FilesTree */,
				17B3BDE82B4F53AC00D94581 /* Sidebar */,
				17B3BDE92B4F53B300D94581 /* Map */,
			);
			path = Views;
			sourceTree = "<group>";
		};
		1778AB4F2B51FE3F00B939C5 /* Foundation */ = {
			isa = PBXGroup;
			children = (
				1778AB5F2B521A0F00B939C5 /* Extensions */,
			);
			path = Foundation;
			sourceTree = "<group>";
		};
		1778AB5E2B5219F100B939C5 /* SwiftUI */ = {
			isa = PBXGroup;
			children = (
				1778AB622B521A7D00B939C5 /* Extensions */,
				1778AB602B521A5100B939C5 /* AnyButtonStyle.swift */,
				1778AB652B521AEC00B939C5 /* PaddingStyle.swift */,
			);
			path = SwiftUI;
			sourceTree = "<group>";
		};
		1778AB5F2B521A0F00B939C5 /* Extensions */ = {
			isa = PBXGroup;
			children = (
				1778AB4A2B51FE0B00B939C5 /* UTType+gpx.swift */,
				1778AB582B5214CD00B939C5 /* URL+isDirectory.swift */,
				1778AB5A2B5214DE00B939C5 /* URL+contentType.swift */,
				17C9D4952B5B37D200CCF143 /* Sequence.swift */,
				171EA3612B66AB9D00315157 /* Array+chunked.swift */,
			);
			path = Extensions;
			sourceTree = "<group>";
		};
		1778AB622B521A7D00B939C5 /* Extensions */ = {
			isa = PBXGroup;
			children = (
				1778AB632B521A8A00B939C5 /* View+eraseToAnyView.swift */,
				1778AB782B5464AE00B939C5 /* View+removeFocus.swift */,
			);
			path = Extensions;
			sourceTree = "<group>";
		};
		1778AB712B530DA300B939C5 /* MapKit */ = {
			isa = PBXGroup;
			children = (
				1778AB742B530DE000B939C5 /* Extensions */,
			);
			path = MapKit;
			sourceTree = "<group>";
		};
		1778AB742B530DE000B939C5 /* Extensions */ = {
			isa = PBXGroup;
			children = (
				1778AB722B530DAD00B939C5 /* MapCameraPosition+coordinateRect.swift */,
			);
			path = Extensions;
			sourceTree = "<group>";
		};
		1778AB752B537ECF00B939C5 /* TrackStyle */ = {
			isa = PBXGroup;
			children = (
				171EA3522B66841500315157 /* TrackStylePicker.swift */,
				171EA3502B66785F00315157 /* ColorPicker.swift */,
				171EA35F2B66AB6100315157 /* ColorPalateView.swift */,
			);
			path = TrackStyle;
			sourceTree = "<group>";
		};
		17B3BDA62B4F4D4400D94581 = {
			isa = PBXGroup;
			children = (
				17B3BDB12B4F4D4400D94581 /* RoutesViewer */,
				17B3BDC32B4F4D4500D94581 /* RoutesViewerTests */,
				17B3BDCD2B4F4D4500D94581 /* RoutesViewerUITests */,
				17B3BDB02B4F4D4400D94581 /* Products */,
			);
			sourceTree = "<group>";
		};
		17B3BDB02B4F4D4400D94581 /* Products */ = {
			isa = PBXGroup;
			children = (
				17B3BDAF2B4F4D4400D94581 /* RoutesViewer.app */,
				17B3BDC02B4F4D4500D94581 /* RoutesViewerTests.xctest */,
				17B3BDCA2B4F4D4500D94581 /* RoutesViewerUITests.xctest */,
			);
			name = Products;
			sourceTree = "<group>";
		};
		17B3BDB12B4F4D4400D94581 /* RoutesViewer */ = {
			isa = PBXGroup;
			children = (
				17B3BDEA2B4F554D00D94581 /* Info.plist */,
				17B3BDB22B4F4D4400D94581 /* RoutesViewerApp.swift */,
				1778AB462B51FDCC00B939C5 /* Model */,
				1778AB492B51FDFF00B939C5 /* Support */,
				1778AB4E2B51FE3500B939C5 /* Views */,
				17B3BDB42B4F4D4400D94581 /* ContentView.swift */,
				17B3BDB62B4F4D4500D94581 /* Assets.xcassets */,
				17B3BDBB2B4F4D4500D94581 /* RoutesViewer.entitlements */,
				17B3BDB82B4F4D4500D94581 /* Preview Content */,
			);
			path = RoutesViewer;
			sourceTree = "<group>";
		};
		17B3BDB82B4F4D4500D94581 /* Preview Content */ = {
			isa = PBXGroup;
			children = (
				17B3BDB92B4F4D4500D94581 /* Preview Assets.xcassets */,
			);
			path = "Preview Content";
			sourceTree = "<group>";
		};
		17B3BDC32B4F4D4500D94581 /* RoutesViewerTests */ = {
			isa = PBXGroup;
			children = (
				17B3BDC42B4F4D4500D94581 /* RoutesViewerTests.swift */,
			);
			path = RoutesViewerTests;
			sourceTree = "<group>";
		};
		17B3BDCD2B4F4D4500D94581 /* RoutesViewerUITests */ = {
			isa = PBXGroup;
			children = (
				17B3BDCE2B4F4D4500D94581 /* RoutesViewerUITests.swift */,
				17B3BDD02B4F4D4500D94581 /* RoutesViewerUITestsLaunchTests.swift */,
			);
			path = RoutesViewerUITests;
			sourceTree = "<group>";
		};
		17B3BDE82B4F53AC00D94581 /* Sidebar */ = {
			isa = PBXGroup;
			children = (
				1778AB752B537ECF00B939C5 /* TrackStyle */,
				17B3BDE52B4F51BD00D94581 /* SidebarView.swift */,
				17B3BDE42B4F51BD00D94581 /* EditTrackMetadataView.swift */,
				171EA3542B66864800315157 /* StatisticView.swift */,
			);
			path = Sidebar;
			sourceTree = "<group>";
		};
		17B3BDE92B4F53B300D94581 /* Map */ = {
			isa = PBXGroup;
			children = (
				17B3BDE12B4F514700D94581 /* MapStylePicker.swift */,
				17F013032B5C100700D31519 /* CustomMap.swift */,
				17F013052B5C1B3500D31519 /* TileServer.swift */,
				17F013072B5C5E8800D31519 /* GradientPolyline.swift */,
			);
			path = Map;
			sourceTree = "<group>";
		};
		17C9D4922B59C27500CCF143 /* Statistics */ = {
			isa = PBXGroup;
			children = (
				17C9D4972B5BF10300CCF143 /* Statistic.swift */,
				17C9D4932B59C28800CCF143 /* StatisticCalculator.swift */,
			);
			path = Statistics;
			sourceTree = "<group>";
		};
/* End PBXGroup section */

/* Begin PBXNativeTarget section */
		17B3BDAE2B4F4D4400D94581 /* RoutesViewer */ = {
			isa = PBXNativeTarget;
			buildConfigurationList = 17B3BDD42B4F4D4500D94581 /* Build configuration list for PBXNativeTarget "RoutesViewer" */;
			buildPhases = (
				17B3BDAB2B4F4D4400D94581 /* Sources */,
				17B3BDAC2B4F4D4400D94581 /* Frameworks */,
				17B3BDAD2B4F4D4400D94581 /* Resources */,
			);
			buildRules = (
			);
			dependencies = (
			);
			name = RoutesViewer;
			packageProductDependencies = (
				17B3BDDE2B4F4E0A00D94581 /* CoreGPX */,
				17F013012B5C0F5700D31519 /* MapCache */,
			);
			productName = RoutesViewer;
			productReference = 17B3BDAF2B4F4D4400D94581 /* RoutesViewer.app */;
			productType = "com.apple.product-type.application";
		};
		17B3BDBF2B4F4D4500D94581 /* RoutesViewerTests */ = {
			isa = PBXNativeTarget;
			buildConfigurationList = 17B3BDD72B4F4D4500D94581 /* Build configuration list for PBXNativeTarget "RoutesViewerTests" */;
			buildPhases = (
				17B3BDBC2B4F4D4500D94581 /* Sources */,
				17B3BDBD2B4F4D4500D94581 /* Frameworks */,
				17B3BDBE2B4F4D4500D94581 /* Resources */,
			);
			buildRules = (
			);
			dependencies = (
				17B3BDC22B4F4D4500D94581 /* PBXTargetDependency */,
			);
			name = RoutesViewerTests;
			productName = RoutesViewerTests;
			productReference = 17B3BDC02B4F4D4500D94581 /* RoutesViewerTests.xctest */;
			productType = "com.apple.product-type.bundle.unit-test";
		};
		17B3BDC92B4F4D4500D94581 /* RoutesViewerUITests */ = {
			isa = PBXNativeTarget;
			buildConfigurationList = 17B3BDDA2B4F4D4500D94581 /* Build configuration list for PBXNativeTarget "RoutesViewerUITests" */;
			buildPhases = (
				17B3BDC62B4F4D4500D94581 /* Sources */,
				17B3BDC72B4F4D4500D94581 /* Frameworks */,
				17B3BDC82B4F4D4500D94581 /* Resources */,
			);
			buildRules = (
			);
			dependencies = (
				17B3BDCC2B4F4D4500D94581 /* PBXTargetDependency */,
			);
			name = RoutesViewerUITests;
			productName = RoutesViewerUITests;
			productReference = 17B3BDCA2B4F4D4500D94581 /* RoutesViewerUITests.xctest */;
			productType = "com.apple.product-type.bundle.ui-testing";
		};
/* End PBXNativeTarget section */

/* Begin PBXProject section */
		17B3BDA72B4F4D4400D94581 /* Project object */ = {
			isa = PBXProject;
			attributes = {
				BuildIndependentTargetsInParallel = 1;
				LastSwiftUpdateCheck = 1510;
				LastUpgradeCheck = 1510;
				TargetAttributes = {
					17B3BDAE2B4F4D4400D94581 = {
						CreatedOnToolsVersion = 15.1;
					};
					17B3BDBF2B4F4D4500D94581 = {
						CreatedOnToolsVersion = 15.1;
						TestTargetID = 17B3BDAE2B4F4D4400D94581;
					};
					17B3BDC92B4F4D4500D94581 = {
						CreatedOnToolsVersion = 15.1;
						TestTargetID = 17B3BDAE2B4F4D4400D94581;
					};
				};
			};
			buildConfigurationList = 17B3BDAA2B4F4D4400D94581 /* Build configuration list for PBXProject "RoutesViewer" */;
			compatibilityVersion = "Xcode 14.0";
			developmentRegion = en;
			hasScannedForEncodings = 0;
			knownRegions = (
				en,
				Base,
			);
			mainGroup = 17B3BDA62B4F4D4400D94581;
			packageReferences = (
				17B3BDDD2B4F4E0A00D94581 /* XCRemoteSwiftPackageReference "CoreGPX" */,
				17F013002B5C0F5700D31519 /* XCRemoteSwiftPackageReference "MapCache" */,
			);
			productRefGroup = 17B3BDB02B4F4D4400D94581 /* Products */;
			projectDirPath = "";
			projectRoot = "";
			targets = (
				17B3BDAE2B4F4D4400D94581 /* RoutesViewer */,
				17B3BDBF2B4F4D4500D94581 /* RoutesViewerTests */,
				17B3BDC92B4F4D4500D94581 /* RoutesViewerUITests */,
			);
		};
/* End PBXProject section */

/* Begin PBXResourcesBuildPhase section */
		17B3BDAD2B4F4D4400D94581 /* Resources */ = {
			isa = PBXResourcesBuildPhase;
			buildActionMask = 2147483647;
			files = (
				17B3BDBA2B4F4D4500D94581 /* Preview Assets.xcassets in Resources */,
				17B3BDB72B4F4D4500D94581 /* Assets.xcassets in Resources */,
			);
			runOnlyForDeploymentPostprocessing = 0;
		};
		17B3BDBE2B4F4D4500D94581 /* Resources */ = {
			isa = PBXResourcesBuildPhase;
			buildActionMask = 2147483647;
			files = (
			);
			runOnlyForDeploymentPostprocessing = 0;
		};
		17B3BDC82B4F4D4500D94581 /* Resources */ = {
			isa = PBXResourcesBuildPhase;
			buildActionMask = 2147483647;
			files = (
			);
			runOnlyForDeploymentPostprocessing = 0;
		};
/* End PBXResourcesBuildPhase section */

/* Begin PBXSourcesBuildPhase section */
		17B3BDAB2B4F4D4400D94581 /* Sources */ = {
			isa = PBXSourcesBuildPhase;
			buildActionMask = 2147483647;
			files = (
				1778AB4B2B51FE0B00B939C5 /* UTType+gpx.swift in Sources */,
				17B3BDE32B4F514700D94581 /* MapStylePicker.swift in Sources */,
				171EA35C2B66921B00315157 /* TrackPoint.swift in Sources */,
				171EA3572B6691A200315157 /* ColorPalate.swift in Sources */,
				1778AB662B521AEC00B939C5 /* PaddingStyle.swift in Sources */,
				1778AB612B521A5100B939C5 /* AnyButtonStyle.swift in Sources */,
				1778AB792B5464AE00B939C5 /* View+removeFocus.swift in Sources */,
				17C9D4982B5BF10300CCF143 /* Statistic.swift in Sources */,
				17B3BDE62B4F51BD00D94581 /* EditTrackMetadataView.swift in Sources */,
				1778AB7E2B5464FA00B939C5 /* DocumentView.swift in Sources */,
				171EA3512B66785F00315157 /* ColorPicker.swift in Sources */,
				17C9D4942B59C28800CCF143 /* StatisticCalculator.swift in Sources */,
				17F013062B5C1B3500D31519 /* TileServer.swift in Sources */,
				171EA35A2B6691FF00315157 /* TrackStyle.swift in Sources */,
				17B3BDB52B4F4D4400D94581 /* ContentView.swift in Sources */,
				1778AB552B51FEB000B939C5 /* FilesTree.swift in Sources */,
				17C9D4962B5B37D200CCF143 /* Sequence.swift in Sources */,
				171EA3532B66841500315157 /* TrackStylePicker.swift in Sources */,
				171EA3622B66AB9D00315157 /* Array+chunked.swift in Sources */,
				1778AB702B53051600B939C5 /* CoordinateRect.swift in Sources */,
				1778AB7B2B5464C600B939C5 /* DirectoryView.swift in Sources */,
				1778AB592B5214CD00B939C5 /* URL+isDirectory.swift in Sources */,
				171EA3602B66AB6100315157 /* ColorPalateView.swift in Sources */,
				17B3BDB32B4F4D4400D94581 /* RoutesViewerApp.swift in Sources */,
				17F013082B5C5E8800D31519 /* GradientPolyline.swift in Sources */,
				1778AB6E2B52FDAF00B939C5 /* Track.swift in Sources */,
				17B3BDE72B4F51BD00D94581 /* SidebarView.swift in Sources */,
				1778AB802B54651300B939C5 /* TrackView.swift in Sources */,
				1778AB5D2B52159200B939C5 /* DocumentsDirectory.swift in Sources */,
				17F013042B5C100700D31519 /* CustomMap.swift in Sources */,
				1778AB5B2B5214DE00B939C5 /* URL+contentType.swift in Sources */,
				1778AB572B5214AE00B939C5 /* DocumentsTree.swift in Sources */,
				1778AB732B530DAD00B939C5 /* MapCameraPosition+coordinateRect.swift in Sources */,
				1778AB642B521A8A00B939C5 /* View+eraseToAnyView.swift in Sources */,
				1778AB482B51FDE000B939C5 /* DocumentStorage.swift in Sources */,
				171EA3552B66864800315157 /* StatisticView.swift in Sources */,
				1778AB4D2B51FE1D00B939C5 /* RouteDocument.swift in Sources */,
			);
			runOnlyForDeploymentPostprocessing = 0;
		};
		17B3BDBC2B4F4D4500D94581 /* Sources */ = {
			isa = PBXSourcesBuildPhase;
			buildActionMask = 2147483647;
			files = (
				17B3BDC52B4F4D4500D94581 /* RoutesViewerTests.swift in Sources */,
			);
			runOnlyForDeploymentPostprocessing = 0;
		};
		17B3BDC62B4F4D4500D94581 /* Sources */ = {
			isa = PBXSourcesBuildPhase;
			buildActionMask = 2147483647;
			files = (
				17B3BDCF2B4F4D4500D94581 /* RoutesViewerUITests.swift in Sources */,
				17B3BDD12B4F4D4500D94581 /* RoutesViewerUITestsLaunchTests.swift in Sources */,
			);
			runOnlyForDeploymentPostprocessing = 0;
		};
/* End PBXSourcesBuildPhase section */

/* Begin PBXTargetDependency section */
		17B3BDC22B4F4D4500D94581 /* PBXTargetDependency */ = {
			isa = PBXTargetDependency;
			target = 17B3BDAE2B4F4D4400D94581 /* RoutesViewer */;
			targetProxy = 17B3BDC12B4F4D4500D94581 /* PBXContainerItemProxy */;
		};
		17B3BDCC2B4F4D4500D94581 /* PBXTargetDependency */ = {
			isa = PBXTargetDependency;
			target = 17B3BDAE2B4F4D4400D94581 /* RoutesViewer */;
			targetProxy = 17B3BDCB2B4F4D4500D94581 /* PBXContainerItemProxy */;
		};
/* End PBXTargetDependency section */

/* Begin XCBuildConfiguration section */
		17B3BDD22B4F4D4500D94581 /* Debug */ = {
			isa = XCBuildConfiguration;
			buildSettings = {
				ALWAYS_SEARCH_USER_PATHS = NO;
				ASSETCATALOG_COMPILER_GENERATE_SWIFT_ASSET_SYMBOL_EXTENSIONS = YES;
				CLANG_ANALYZER_NONNULL = YES;
				CLANG_ANALYZER_NUMBER_OBJECT_CONVERSION = YES_AGGRESSIVE;
				CLANG_CXX_LANGUAGE_STANDARD = "gnu++20";
				CLANG_ENABLE_MODULES = YES;
				CLANG_ENABLE_OBJC_ARC = YES;
				CLANG_ENABLE_OBJC_WEAK = YES;
				CLANG_WARN_BLOCK_CAPTURE_AUTORELEASING = YES;
				CLANG_WARN_BOOL_CONVERSION = YES;
				CLANG_WARN_COMMA = YES;
				CLANG_WARN_CONSTANT_CONVERSION = YES;
				CLANG_WARN_DEPRECATED_OBJC_IMPLEMENTATIONS = YES;
				CLANG_WARN_DIRECT_OBJC_ISA_USAGE = YES_ERROR;
				CLANG_WARN_DOCUMENTATION_COMMENTS = YES;
				CLANG_WARN_EMPTY_BODY = YES;
				CLANG_WARN_ENUM_CONVERSION = YES;
				CLANG_WARN_INFINITE_RECURSION = YES;
				CLANG_WARN_INT_CONVERSION = YES;
				CLANG_WARN_NON_LITERAL_NULL_CONVERSION = YES;
				CLANG_WARN_OBJC_IMPLICIT_RETAIN_SELF = YES;
				CLANG_WARN_OBJC_LITERAL_CONVERSION = YES;
				CLANG_WARN_OBJC_ROOT_CLASS = YES_ERROR;
				CLANG_WARN_QUOTED_INCLUDE_IN_FRAMEWORK_HEADER = YES;
				CLANG_WARN_RANGE_LOOP_ANALYSIS = YES;
				CLANG_WARN_STRICT_PROTOTYPES = YES;
				CLANG_WARN_SUSPICIOUS_MOVE = YES;
				CLANG_WARN_UNGUARDED_AVAILABILITY = YES_AGGRESSIVE;
				CLANG_WARN_UNREACHABLE_CODE = YES;
				CLANG_WARN__DUPLICATE_METHOD_MATCH = YES;
				COPY_PHASE_STRIP = NO;
				DEBUG_INFORMATION_FORMAT = dwarf;
				ENABLE_STRICT_OBJC_MSGSEND = YES;
				ENABLE_TESTABILITY = YES;
				ENABLE_USER_SCRIPT_SANDBOXING = YES;
				GCC_C_LANGUAGE_STANDARD = gnu17;
				GCC_DYNAMIC_NO_PIC = NO;
				GCC_NO_COMMON_BLOCKS = YES;
				GCC_OPTIMIZATION_LEVEL = 0;
				GCC_PREPROCESSOR_DEFINITIONS = (
					"DEBUG=1",
					"$(inherited)",
				);
				GCC_WARN_64_TO_32_BIT_CONVERSION = YES;
				GCC_WARN_ABOUT_RETURN_TYPE = YES_ERROR;
				GCC_WARN_UNDECLARED_SELECTOR = YES;
				GCC_WARN_UNINITIALIZED_AUTOS = YES_AGGRESSIVE;
				GCC_WARN_UNUSED_FUNCTION = YES;
				GCC_WARN_UNUSED_VARIABLE = YES;
				LOCALIZATION_PREFERS_STRING_CATALOGS = YES;
				MACOSX_DEPLOYMENT_TARGET = 14.1;
				MTL_ENABLE_DEBUG_INFO = INCLUDE_SOURCE;
				MTL_FAST_MATH = YES;
				ONLY_ACTIVE_ARCH = YES;
				SDKROOT = macosx;
				SWIFT_ACTIVE_COMPILATION_CONDITIONS = "DEBUG $(inherited)";
				SWIFT_OPTIMIZATION_LEVEL = "-Onone";
			};
			name = Debug;
		};
		17B3BDD32B4F4D4500D94581 /* Release */ = {
			isa = XCBuildConfiguration;
			buildSettings = {
				ALWAYS_SEARCH_USER_PATHS = NO;
				ASSETCATALOG_COMPILER_GENERATE_SWIFT_ASSET_SYMBOL_EXTENSIONS = YES;
				CLANG_ANALYZER_NONNULL = YES;
				CLANG_ANALYZER_NUMBER_OBJECT_CONVERSION = YES_AGGRESSIVE;
				CLANG_CXX_LANGUAGE_STANDARD = "gnu++20";
				CLANG_ENABLE_MODULES = YES;
				CLANG_ENABLE_OBJC_ARC = YES;
				CLANG_ENABLE_OBJC_WEAK = YES;
				CLANG_WARN_BLOCK_CAPTURE_AUTORELEASING = YES;
				CLANG_WARN_BOOL_CONVERSION = YES;
				CLANG_WARN_COMMA = YES;
				CLANG_WARN_CONSTANT_CONVERSION = YES;
				CLANG_WARN_DEPRECATED_OBJC_IMPLEMENTATIONS = YES;
				CLANG_WARN_DIRECT_OBJC_ISA_USAGE = YES_ERROR;
				CLANG_WARN_DOCUMENTATION_COMMENTS = YES;
				CLANG_WARN_EMPTY_BODY = YES;
				CLANG_WARN_ENUM_CONVERSION = YES;
				CLANG_WARN_INFINITE_RECURSION = YES;
				CLANG_WARN_INT_CONVERSION = YES;
				CLANG_WARN_NON_LITERAL_NULL_CONVERSION = YES;
				CLANG_WARN_OBJC_IMPLICIT_RETAIN_SELF = YES;
				CLANG_WARN_OBJC_LITERAL_CONVERSION = YES;
				CLANG_WARN_OBJC_ROOT_CLASS = YES_ERROR;
				CLANG_WARN_QUOTED_INCLUDE_IN_FRAMEWORK_HEADER = YES;
				CLANG_WARN_RANGE_LOOP_ANALYSIS = YES;
				CLANG_WARN_STRICT_PROTOTYPES = YES;
				CLANG_WARN_SUSPICIOUS_MOVE = YES;
				CLANG_WARN_UNGUARDED_AVAILABILITY = YES_AGGRESSIVE;
				CLANG_WARN_UNREACHABLE_CODE = YES;
				CLANG_WARN__DUPLICATE_METHOD_MATCH = YES;
				COPY_PHASE_STRIP = NO;
				DEBUG_INFORMATION_FORMAT = "dwarf-with-dsym";
				ENABLE_NS_ASSERTIONS = NO;
				ENABLE_STRICT_OBJC_MSGSEND = YES;
				ENABLE_USER_SCRIPT_SANDBOXING = YES;
				GCC_C_LANGUAGE_STANDARD = gnu17;
				GCC_NO_COMMON_BLOCKS = YES;
				GCC_WARN_64_TO_32_BIT_CONVERSION = YES;
				GCC_WARN_ABOUT_RETURN_TYPE = YES_ERROR;
				GCC_WARN_UNDECLARED_SELECTOR = YES;
				GCC_WARN_UNINITIALIZED_AUTOS = YES_AGGRESSIVE;
				GCC_WARN_UNUSED_FUNCTION = YES;
				GCC_WARN_UNUSED_VARIABLE = YES;
				LOCALIZATION_PREFERS_STRING_CATALOGS = YES;
				MACOSX_DEPLOYMENT_TARGET = 14.1;
				MTL_ENABLE_DEBUG_INFO = NO;
				MTL_FAST_MATH = YES;
				SDKROOT = macosx;
				SWIFT_COMPILATION_MODE = wholemodule;
			};
			name = Release;
		};
		17B3BDD52B4F4D4500D94581 /* Debug */ = {
			isa = XCBuildConfiguration;
			buildSettings = {
				ASSETCATALOG_COMPILER_APPICON_NAME = AppIcon;
				ASSETCATALOG_COMPILER_GLOBAL_ACCENT_COLOR_NAME = AccentColor;
				CODE_SIGN_ENTITLEMENTS = RoutesViewer/RoutesViewer.entitlements;
				"CODE_SIGN_IDENTITY[sdk=macosx*]" = "Apple Development";
				CODE_SIGN_STYLE = Automatic;
				COMBINE_HIDPI_IMAGES = YES;
				CURRENT_PROJECT_VERSION = 1;
				DEVELOPMENT_ASSET_PATHS = "\"RoutesViewer/Preview Content\"";
				DEVELOPMENT_TEAM = 4N95RY7G63;
				ENABLE_HARDENED_RUNTIME = YES;
				ENABLE_PREVIEWS = YES;
				GENERATE_INFOPLIST_FILE = YES;
				INFOPLIST_FILE = RoutesViewer/Info.plist;
				INFOPLIST_KEY_NSHumanReadableCopyright = "";
				LD_RUNPATH_SEARCH_PATHS = (
					"$(inherited)",
					"@executable_path/../Frameworks",
				);
				MARKETING_VERSION = 1.0;
				PRODUCT_BUNDLE_IDENTIFIER = tech.ushakov.RoutesViewer;
				PRODUCT_NAME = "$(TARGET_NAME)";
				SWIFT_EMIT_LOC_STRINGS = YES;
				SWIFT_VERSION = 5.0;
			};
			name = Debug;
		};
		17B3BDD62B4F4D4500D94581 /* Release */ = {
			isa = XCBuildConfiguration;
			buildSettings = {
				ASSETCATALOG_COMPILER_APPICON_NAME = AppIcon;
				ASSETCATALOG_COMPILER_GLOBAL_ACCENT_COLOR_NAME = AccentColor;
				CODE_SIGN_ENTITLEMENTS = RoutesViewer/RoutesViewer.entitlements;
				"CODE_SIGN_IDENTITY[sdk=macosx*]" = "Apple Development";
				CODE_SIGN_STYLE = Automatic;
				COMBINE_HIDPI_IMAGES = YES;
				CURRENT_PROJECT_VERSION = 1;
				DEVELOPMENT_ASSET_PATHS = "\"RoutesViewer/Preview Content\"";
				DEVELOPMENT_TEAM = 4N95RY7G63;
				ENABLE_HARDENED_RUNTIME = YES;
				ENABLE_PREVIEWS = YES;
				GENERATE_INFOPLIST_FILE = YES;
				INFOPLIST_FILE = RoutesViewer/Info.plist;
				INFOPLIST_KEY_NSHumanReadableCopyright = "";
				LD_RUNPATH_SEARCH_PATHS = (
					"$(inherited)",
					"@executable_path/../Frameworks",
				);
				MARKETING_VERSION = 1.0;
				PRODUCT_BUNDLE_IDENTIFIER = tech.ushakov.RoutesViewer;
				PRODUCT_NAME = "$(TARGET_NAME)";
				SWIFT_EMIT_LOC_STRINGS = YES;
				SWIFT_VERSION = 5.0;
			};
			name = Release;
		};
		17B3BDD82B4F4D4500D94581 /* Debug */ = {
			isa = XCBuildConfiguration;
			buildSettings = {
				ALWAYS_EMBED_SWIFT_STANDARD_LIBRARIES = YES;
				BUNDLE_LOADER = "$(TEST_HOST)";
				CODE_SIGN_STYLE = Automatic;
				CURRENT_PROJECT_VERSION = 1;
				DEVELOPMENT_TEAM = 4N95RY7G63;
				GENERATE_INFOPLIST_FILE = YES;
				MACOSX_DEPLOYMENT_TARGET = 14.1;
				MARKETING_VERSION = 1.0;
				PRODUCT_BUNDLE_IDENTIFIER = tech.ushakov.RoutesViewerTests;
				PRODUCT_NAME = "$(TARGET_NAME)";
				SWIFT_EMIT_LOC_STRINGS = NO;
				SWIFT_VERSION = 5.0;
				TEST_HOST = "$(BUILT_PRODUCTS_DIR)/RoutesViewer.app/$(BUNDLE_EXECUTABLE_FOLDER_PATH)/RoutesViewer";
			};
			name = Debug;
		};
		17B3BDD92B4F4D4500D94581 /* Release */ = {
			isa = XCBuildConfiguration;
			buildSettings = {
				ALWAYS_EMBED_SWIFT_STANDARD_LIBRARIES = YES;
				BUNDLE_LOADER = "$(TEST_HOST)";
				CODE_SIGN_STYLE = Automatic;
				CURRENT_PROJECT_VERSION = 1;
				DEVELOPMENT_TEAM = 4N95RY7G63;
				GENERATE_INFOPLIST_FILE = YES;
				MACOSX_DEPLOYMENT_TARGET = 14.1;
				MARKETING_VERSION = 1.0;
				PRODUCT_BUNDLE_IDENTIFIER = tech.ushakov.RoutesViewerTests;
				PRODUCT_NAME = "$(TARGET_NAME)";
				SWIFT_EMIT_LOC_STRINGS = NO;
				SWIFT_VERSION = 5.0;
				TEST_HOST = "$(BUILT_PRODUCTS_DIR)/RoutesViewer.app/$(BUNDLE_EXECUTABLE_FOLDER_PATH)/RoutesViewer";
			};
			name = Release;
		};
		17B3BDDB2B4F4D4500D94581 /* Debug */ = {
			isa = XCBuildConfiguration;
			buildSettings = {
				ALWAYS_EMBED_SWIFT_STANDARD_LIBRARIES = YES;
				CODE_SIGN_STYLE = Automatic;
				CURRENT_PROJECT_VERSION = 1;
				DEVELOPMENT_TEAM = 4N95RY7G63;
				GENERATE_INFOPLIST_FILE = YES;
				MARKETING_VERSION = 1.0;
				PRODUCT_BUNDLE_IDENTIFIER = tech.ushakov.RoutesViewerUITests;
				PRODUCT_NAME = "$(TARGET_NAME)";
				SWIFT_EMIT_LOC_STRINGS = NO;
				SWIFT_VERSION = 5.0;
				TEST_TARGET_NAME = RoutesViewer;
			};
			name = Debug;
		};
		17B3BDDC2B4F4D4500D94581 /* Release */ = {
			isa = XCBuildConfiguration;
			buildSettings = {
				ALWAYS_EMBED_SWIFT_STANDARD_LIBRARIES = YES;
				CODE_SIGN_STYLE = Automatic;
				CURRENT_PROJECT_VERSION = 1;
				DEVELOPMENT_TEAM = 4N95RY7G63;
				GENERATE_INFOPLIST_FILE = YES;
				MARKETING_VERSION = 1.0;
				PRODUCT_BUNDLE_IDENTIFIER = tech.ushakov.RoutesViewerUITests;
				PRODUCT_NAME = "$(TARGET_NAME)";
				SWIFT_EMIT_LOC_STRINGS = NO;
				SWIFT_VERSION = 5.0;
				TEST_TARGET_NAME = RoutesViewer;
			};
			name = Release;
		};
/* End XCBuildConfiguration section */

/* Begin XCConfigurationList section */
		17B3BDAA2B4F4D4400D94581 /* Build configuration list for PBXProject "RoutesViewer" */ = {
			isa = XCConfigurationList;
			buildConfigurations = (
				17B3BDD22B4F4D4500D94581 /* Debug */,
				17B3BDD32B4F4D4500D94581 /* Release */,
			);
			defaultConfigurationIsVisible = 0;
			defaultConfigurationName = Release;
		};
		17B3BDD42B4F4D4500D94581 /* Build configuration list for PBXNativeTarget "RoutesViewer" */ = {
			isa = XCConfigurationList;
			buildConfigurations = (
				17B3BDD52B4F4D4500D94581 /* Debug */,
				17B3BDD62B4F4D4500D94581 /* Release */,
			);
			defaultConfigurationIsVisible = 0;
			defaultConfigurationName = Release;
		};
		17B3BDD72B4F4D4500D94581 /* Build configuration list for PBXNativeTarget "RoutesViewerTests" */ = {
			isa = XCConfigurationList;
			buildConfigurations = (
				17B3BDD82B4F4D4500D94581 /* Debug */,
				17B3BDD92B4F4D4500D94581 /* Release */,
			);
			defaultConfigurationIsVisible = 0;
			defaultConfigurationName = Release;
		};
		17B3BDDA2B4F4D4500D94581 /* Build configuration list for PBXNativeTarget "RoutesViewerUITests" */ = {
			isa = XCConfigurationList;
			buildConfigurations = (
				17B3BDDB2B4F4D4500D94581 /* Debug */,
				17B3BDDC2B4F4D4500D94581 /* Release */,
			);
			defaultConfigurationIsVisible = 0;
			defaultConfigurationName = Release;
		};
/* End XCConfigurationList section */

/* Begin XCRemoteSwiftPackageReference section */
		17B3BDDD2B4F4E0A00D94581 /* XCRemoteSwiftPackageReference "CoreGPX" */ = {
			isa = XCRemoteSwiftPackageReference;
			repositoryURL = "https://github.com/vincentneo/CoreGPX";
			requirement = {
				kind = upToNextMajorVersion;
				minimumVersion = 0.9.2;
			};
		};
		17F013002B5C0F5700D31519 /* XCRemoteSwiftPackageReference "MapCache" */ = {
			isa = XCRemoteSwiftPackageReference;
			repositoryURL = "https://github.com/merlos/MapCache";
			requirement = {
				kind = upToNextMajorVersion;
				minimumVersion = 0.10.0;
			};
		};
/* End XCRemoteSwiftPackageReference section */

/* Begin XCSwiftPackageProductDependency section */
		17B3BDDE2B4F4E0A00D94581 /* CoreGPX */ = {
			isa = XCSwiftPackageProductDependency;
			package = 17B3BDDD2B4F4E0A00D94581 /* XCRemoteSwiftPackageReference "CoreGPX" */;
			productName = CoreGPX;
		};
		17F013012B5C0F5700D31519 /* MapCache */ = {
			isa = XCSwiftPackageProductDependency;
			package = 17F013002B5C0F5700D31519 /* XCRemoteSwiftPackageReference "MapCache" */;
			productName = MapCache;
		};
/* End XCSwiftPackageProductDependency section */
	};
	rootObject = 17B3BDA72B4F4D4400D94581 /* Project object */;
}
